// !$*UTF8*$!
{
	archiveVersion = 1;
	classes = {
	};
	objectVersion = 51;
	objects = {

/* Begin PBXBuildFile section */
		2E6E1AED825C143392BD9659 /* Pods_ziti_alamofire.framework in Frameworks */ = {isa = PBXBuildFile; fileRef = F493389F4807DFE21180101E /* Pods_ziti_alamofire.framework */; };
		5A3F38A924E9AC0200A59173 /* AppDelegate.swift in Sources */ = {isa = PBXBuildFile; fileRef = 5A3F38A824E9AC0200A59173 /* AppDelegate.swift */; };
		5A3F38AB24E9AC0200A59173 /* SceneDelegate.swift in Sources */ = {isa = PBXBuildFile; fileRef = 5A3F38AA24E9AC0200A59173 /* SceneDelegate.swift */; };
		5A3F38AD24E9AC0200A59173 /* ViewController.swift in Sources */ = {isa = PBXBuildFile; fileRef = 5A3F38AC24E9AC0200A59173 /* ViewController.swift */; };
		5A3F38B024E9AC0200A59173 /* Main.storyboard in Resources */ = {isa = PBXBuildFile; fileRef = 5A3F38AE24E9AC0200A59173 /* Main.storyboard */; };
		5A3F38B224E9AC0600A59173 /* Assets.xcassets in Resources */ = {isa = PBXBuildFile; fileRef = 5A3F38B124E9AC0600A59173 /* Assets.xcassets */; };
		5A3F38B524E9AC0600A59173 /* LaunchScreen.storyboard in Resources */ = {isa = PBXBuildFile; fileRef = 5A3F38B324E9AC0600A59173 /* LaunchScreen.storyboard */; };
/* End PBXBuildFile section */

/* Begin PBXFileReference section */
		5A3F38A524E9AC0200A59173 /* ziti-alamofire.app */ = {isa = PBXFileReference; explicitFileType = wrapper.application; includeInIndex = 0; path = "ziti-alamofire.app"; sourceTree = BUILT_PRODUCTS_DIR; };
		5A3F38A824E9AC0200A59173 /* AppDelegate.swift */ = {isa = PBXFileReference; lastKnownFileType = sourcecode.swift; path = AppDelegate.swift; sourceTree = "<group>"; };
		5A3F38AA24E9AC0200A59173 /* SceneDelegate.swift */ = {isa = PBXFileReference; lastKnownFileType = sourcecode.swift; path = SceneDelegate.swift; sourceTree = "<group>"; };
		5A3F38AC24E9AC0200A59173 /* ViewController.swift */ = {isa = PBXFileReference; lastKnownFileType = sourcecode.swift; path = ViewController.swift; sourceTree = "<group>"; };
		5A3F38AF24E9AC0200A59173 /* Base */ = {isa = PBXFileReference; lastKnownFileType = file.storyboard; name = Base; path = Base.lproj/Main.storyboard; sourceTree = "<group>"; };
		5A3F38B124E9AC0600A59173 /* Assets.xcassets */ = {isa = PBXFileReference; lastKnownFileType = folder.assetcatalog; path = Assets.xcassets; sourceTree = "<group>"; };
		5A3F38B424E9AC0600A59173 /* Base */ = {isa = PBXFileReference; lastKnownFileType = file.storyboard; name = Base; path = Base.lproj/LaunchScreen.storyboard; sourceTree = "<group>"; };
		5A3F38B624E9AC0600A59173 /* Info.plist */ = {isa = PBXFileReference; lastKnownFileType = text.plist.xml; path = Info.plist; sourceTree = "<group>"; };
		6DF05C33749E4BFCE9FE4AF0 /* Pods-ziti-alamofire.release.xcconfig */ = {isa = PBXFileReference; includeInIndex = 1; lastKnownFileType = text.xcconfig; name = "Pods-ziti-alamofire.release.xcconfig"; path = "Target Support Files/Pods-ziti-alamofire/Pods-ziti-alamofire.release.xcconfig"; sourceTree = "<group>"; };
		72C5AEFDC55FE2A23EEFB94A /* Pods-ziti-alamofire.debug.xcconfig */ = {isa = PBXFileReference; includeInIndex = 1; lastKnownFileType = text.xcconfig; name = "Pods-ziti-alamofire.debug.xcconfig"; path = "Target Support Files/Pods-ziti-alamofire/Pods-ziti-alamofire.debug.xcconfig"; sourceTree = "<group>"; };
		F493389F4807DFE21180101E /* Pods_ziti_alamofire.framework */ = {isa = PBXFileReference; explicitFileType = wrapper.framework; includeInIndex = 0; path = Pods_ziti_alamofire.framework; sourceTree = BUILT_PRODUCTS_DIR; };
/* End PBXFileReference section */

/* Begin PBXFrameworksBuildPhase section */
		5A3F38A224E9AC0200A59173 /* Frameworks */ = {
			isa = PBXFrameworksBuildPhase;
			buildActionMask = 2147483647;
			files = (
				2E6E1AED825C143392BD9659 /* Pods_ziti_alamofire.framework in Frameworks */,
			);
			runOnlyForDeploymentPostprocessing = 0;
		};
/* End PBXFrameworksBuildPhase section */

/* Begin PBXGroup section */
		5A3F389C24E9AC0200A59173 = {
			isa = PBXGroup;
			children = (
				5A3F38A724E9AC0200A59173 /* ziti-alamofire */,
				5A3F38A624E9AC0200A59173 /* Products */,
				68183815A0B453837903F1DE /* Pods */,
				72E4F32E93118A071CAB0593 /* Frameworks */,
			);
			sourceTree = "<group>";
		};
		5A3F38A624E9AC0200A59173 /* Products */ = {
			isa = PBXGroup;
			children = (
				5A3F38A524E9AC0200A59173 /* ziti-alamofire.app */,
			);
			name = Products;
			sourceTree = "<group>";
		};
		5A3F38A724E9AC0200A59173 /* ziti-alamofire */ = {
			isa = PBXGroup;
			children = (
				5A3F38A824E9AC0200A59173 /* AppDelegate.swift */,
				5A3F38AA24E9AC0200A59173 /* SceneDelegate.swift */,
				5A3F38AC24E9AC0200A59173 /* ViewController.swift */,
				5A3F38AE24E9AC0200A59173 /* Main.storyboard */,
				5A3F38B124E9AC0600A59173 /* Assets.xcassets */,
				5A3F38B324E9AC0600A59173 /* LaunchScreen.storyboard */,
				5A3F38B624E9AC0600A59173 /* Info.plist */,
			);
			path = "ziti-alamofire";
			sourceTree = "<group>";
		};
		68183815A0B453837903F1DE /* Pods */ = {
			isa = PBXGroup;
			children = (
				72C5AEFDC55FE2A23EEFB94A /* Pods-ziti-alamofire.debug.xcconfig */,
				6DF05C33749E4BFCE9FE4AF0 /* Pods-ziti-alamofire.release.xcconfig */,
			);
			path = Pods;
			sourceTree = "<group>";
		};
		72E4F32E93118A071CAB0593 /* Frameworks */ = {
			isa = PBXGroup;
			children = (
				F493389F4807DFE21180101E /* Pods_ziti_alamofire.framework */,
			);
			name = Frameworks;
			sourceTree = "<group>";
		};
/* End PBXGroup section */

/* Begin PBXNativeTarget section */
		5A3F38A424E9AC0200A59173 /* ziti-alamofire */ = {
			isa = PBXNativeTarget;
			buildConfigurationList = 5A3F38B924E9AC0600A59173 /* Build configuration list for PBXNativeTarget "ziti-alamofire" */;
			buildPhases = (
				B268B69AC589DF8563A1F006 /* [CP] Check Pods Manifest.lock */,
				5A3F38A124E9AC0200A59173 /* Sources */,
				5A3F38A224E9AC0200A59173 /* Frameworks */,
				5A3F38A324E9AC0200A59173 /* Resources */,
				2D25CA5034B0883C644A2EFD /* [CP] Embed Pods Frameworks */,
			);
			buildRules = (
			);
			dependencies = (
			);
			name = "ziti-alamofire";
			productName = "ziti-alamofire";
			productReference = 5A3F38A524E9AC0200A59173 /* ziti-alamofire.app */;
			productType = "com.apple.product-type.application";
		};
/* End PBXNativeTarget section */

/* Begin PBXProject section */
		5A3F389D24E9AC0200A59173 /* Project object */ = {
			isa = PBXProject;
			attributes = {
				LastSwiftUpdateCheck = 1160;
				LastUpgradeCheck = 1220;
				ORGANIZATIONNAME = NetFoundry;
				TargetAttributes = {
					5A3F38A424E9AC0200A59173 = {
						CreatedOnToolsVersion = 11.6;
					};
				};
			};
			buildConfigurationList = 5A3F38A024E9AC0200A59173 /* Build configuration list for PBXProject "ziti-alamofire" */;
			compatibilityVersion = "Xcode 9.3";
			developmentRegion = en;
			hasScannedForEncodings = 0;
			knownRegions = (
				en,
				Base,
			);
			mainGroup = 5A3F389C24E9AC0200A59173;
			productRefGroup = 5A3F38A624E9AC0200A59173 /* Products */;
			projectDirPath = "";
			projectRoot = "";
			targets = (
				5A3F38A424E9AC0200A59173 /* ziti-alamofire */,
			);
		};
/* End PBXProject section */

/* Begin PBXResourcesBuildPhase section */
		5A3F38A324E9AC0200A59173 /* Resources */ = {
			isa = PBXResourcesBuildPhase;
			buildActionMask = 2147483647;
			files = (
				5A3F38B524E9AC0600A59173 /* LaunchScreen.storyboard in Resources */,
				5A3F38B224E9AC0600A59173 /* Assets.xcassets in Resources */,
				5A3F38B024E9AC0200A59173 /* Main.storyboard in Resources */,
			);
			runOnlyForDeploymentPostprocessing = 0;
		};
/* End PBXResourcesBuildPhase section */

/* Begin PBXShellScriptBuildPhase section */
		2D25CA5034B0883C644A2EFD /* [CP] Embed Pods Frameworks */ = {
			isa = PBXShellScriptBuildPhase;
			buildActionMask = 2147483647;
			files = (
			);
			inputFileListPaths = (
				"${PODS_ROOT}/Target Support Files/Pods-ziti-alamofire/Pods-ziti-alamofire-frameworks-${CONFIGURATION}-input-files.xcfilelist",
			);
			name = "[CP] Embed Pods Frameworks";
			outputFileListPaths = (
				"${PODS_ROOT}/Target Support Files/Pods-ziti-alamofire/Pods-ziti-alamofire-frameworks-${CONFIGURATION}-output-files.xcfilelist",
			);
			runOnlyForDeploymentPostprocessing = 0;
			shellPath = /bin/sh;
			shellScript = "\"${PODS_ROOT}/Target Support Files/Pods-ziti-alamofire/Pods-ziti-alamofire-frameworks.sh\"\n";
			showEnvVarsInLog = 0;
		};
		B268B69AC589DF8563A1F006 /* [CP] Check Pods Manifest.lock */ = {
			isa = PBXShellScriptBuildPhase;
			buildActionMask = 2147483647;
			files = (
			);
			inputFileListPaths = (
			);
			inputPaths = (
				"${PODS_PODFILE_DIR_PATH}/Podfile.lock",
				"${PODS_ROOT}/Manifest.lock",
			);
			name = "[CP] Check Pods Manifest.lock";
			outputFileListPaths = (
			);
			outputPaths = (
				"$(DERIVED_FILE_DIR)/Pods-ziti-alamofire-checkManifestLockResult.txt",
			);
			runOnlyForDeploymentPostprocessing = 0;
			shellPath = /bin/sh;
			shellScript = "diff \"${PODS_PODFILE_DIR_PATH}/Podfile.lock\" \"${PODS_ROOT}/Manifest.lock\" > /dev/null\nif [ $? != 0 ] ; then\n    # print error to STDERR\n    echo \"error: The sandbox is not in sync with the Podfile.lock. Run 'pod install' or update your CocoaPods installation.\" >&2\n    exit 1\nfi\n# This output is used by Xcode 'outputs' to avoid re-running this script phase.\necho \"SUCCESS\" > \"${SCRIPT_OUTPUT_FILE_0}\"\n";
			showEnvVarsInLog = 0;
		};
/* End PBXShellScriptBuildPhase section */

/* Begin PBXSourcesBuildPhase section */
		5A3F38A124E9AC0200A59173 /* Sources */ = {
			isa = PBXSourcesBuildPhase;
			buildActionMask = 2147483647;
			files = (
				5A3F38AD24E9AC0200A59173 /* ViewController.swift in Sources */,
				5A3F38A924E9AC0200A59173 /* AppDelegate.swift in Sources */,
				5A3F38AB24E9AC0200A59173 /* SceneDelegate.swift in Sources */,
			);
			runOnlyForDeploymentPostprocessing = 0;
		};
/* End PBXSourcesBuildPhase section */

/* Begin PBXVariantGroup section */
		5A3F38AE24E9AC0200A59173 /* Main.storyboard */ = {
			isa = PBXVariantGroup;
			children = (
				5A3F38AF24E9AC0200A59173 /* Base */,
			);
			name = Main.storyboard;
			sourceTree = "<group>";
		};
		5A3F38B324E9AC0600A59173 /* LaunchScreen.storyboard */ = {
			isa = PBXVariantGroup;
			children = (
				5A3F38B424E9AC0600A59173 /* Base */,
			);
			name = LaunchScreen.storyboard;
			sourceTree = "<group>";
		};
/* End PBXVariantGroup section */

/* Begin XCBuildConfiguration section */
		5A3F38B724E9AC0600A59173 /* Debug */ = {
			isa = XCBuildConfiguration;
			buildSettings = {
				ALWAYS_SEARCH_USER_PATHS = NO;
				CLANG_ANALYZER_NONNULL = YES;
				CLANG_ANALYZER_NUMBER_OBJECT_CONVERSION = YES_AGGRESSIVE;
				CLANG_CXX_LANGUAGE_STANDARD = "gnu++14";
				CLANG_CXX_LIBRARY = "libc++";
				CLANG_ENABLE_MODULES = YES;
				CLANG_ENABLE_OBJC_ARC = YES;
				CLANG_ENABLE_OBJC_WEAK = YES;
				CLANG_WARN_BLOCK_CAPTURE_AUTORELEASING = YES;
				CLANG_WARN_BOOL_CONVERSION = YES;
				CLANG_WARN_COMMA = YES;
				CLANG_WARN_CONSTANT_CONVERSION = YES;
				CLANG_WARN_DEPRECATED_OBJC_IMPLEMENTATIONS = YES;
				CLANG_WARN_DIRECT_OBJC_ISA_USAGE = YES_ERROR;
				CLANG_WARN_DOCUMENTATION_COMMENTS = YES;
				CLANG_WARN_EMPTY_BODY = YES;
				CLANG_WARN_ENUM_CONVERSION = YES;
				CLANG_WARN_INFINITE_RECURSION = YES;
				CLANG_WARN_INT_CONVERSION = YES;
				CLANG_WARN_NON_LITERAL_NULL_CONVERSION = YES;
				CLANG_WARN_OBJC_IMPLICIT_RETAIN_SELF = YES;
				CLANG_WARN_OBJC_LITERAL_CONVERSION = YES;
				CLANG_WARN_OBJC_ROOT_CLASS = YES_ERROR;
				CLANG_WARN_QUOTED_INCLUDE_IN_FRAMEWORK_HEADER = YES;
				CLANG_WARN_RANGE_LOOP_ANALYSIS = YES;
				CLANG_WARN_STRICT_PROTOTYPES = YES;
				CLANG_WARN_SUSPICIOUS_MOVE = YES;
				CLANG_WARN_UNGUARDED_AVAILABILITY = YES_AGGRESSIVE;
				CLANG_WARN_UNREACHABLE_CODE = YES;
				CLANG_WARN__DUPLICATE_METHOD_MATCH = YES;
				COPY_PHASE_STRIP = NO;
				DEBUG_INFORMATION_FORMAT = dwarf;
				ENABLE_STRICT_OBJC_MSGSEND = YES;
				ENABLE_TESTABILITY = YES;
				GCC_C_LANGUAGE_STANDARD = gnu11;
				GCC_DYNAMIC_NO_PIC = NO;
				GCC_NO_COMMON_BLOCKS = YES;
				GCC_OPTIMIZATION_LEVEL = 0;
				GCC_PREPROCESSOR_DEFINITIONS = (
					"DEBUG=1",
					"$(inherited)",
				);
				GCC_WARN_64_TO_32_BIT_CONVERSION = YES;
				GCC_WARN_ABOUT_RETURN_TYPE = YES_ERROR;
				GCC_WARN_UNDECLARED_SELECTOR = YES;
				GCC_WARN_UNINITIALIZED_AUTOS = YES_AGGRESSIVE;
				GCC_WARN_UNUSED_FUNCTION = YES;
				GCC_WARN_UNUSED_VARIABLE = YES;
				IPHONEOS_DEPLOYMENT_TARGET = 13.6;
				MTL_ENABLE_DEBUG_INFO = INCLUDE_SOURCE;
				MTL_FAST_MATH = YES;
				ONLY_ACTIVE_ARCH = YES;
				SDKROOT = iphoneos;
				SWIFT_ACTIVE_COMPILATION_CONDITIONS = DEBUG;
				SWIFT_OPTIMIZATION_LEVEL = "-Onone";
			};
			name = Debug;
		};
		5A3F38B824E9AC0600A59173 /* Release */ = {
			isa = XCBuildConfiguration;
			buildSettings = {
				ALWAYS_SEARCH_USER_PATHS = NO;
				CLANG_ANALYZER_NONNULL = YES;
				CLANG_ANALYZER_NUMBER_OBJECT_CONVERSION = YES_AGGRESSIVE;
				CLANG_CXX_LANGUAGE_STANDARD = "gnu++14";
				CLANG_CXX_LIBRARY = "libc++";
				CLANG_ENABLE_MODULES = YES;
				CLANG_ENABLE_OBJC_ARC = YES;
				CLANG_ENABLE_OBJC_WEAK = YES;
				CLANG_WARN_BLOCK_CAPTURE_AUTORELEASING = YES;
				CLANG_WARN_BOOL_CONVERSION = YES;
				CLANG_WARN_COMMA = YES;
				CLANG_WARN_CONSTANT_CONVERSION = YES;
				CLANG_WARN_DEPRECATED_OBJC_IMPLEMENTATIONS = YES;
				CLANG_WARN_DIRECT_OBJC_ISA_USAGE = YES_ERROR;
				CLANG_WARN_DOCUMENTATION_COMMENTS = YES;
				CLANG_WARN_EMPTY_BODY = YES;
				CLANG_WARN_ENUM_CONVERSION = YES;
				CLANG_WARN_INFINITE_RECURSION = YES;
				CLANG_WARN_INT_CONVERSION = YES;
				CLANG_WARN_NON_LITERAL_NULL_CONVERSION = YES;
				CLANG_WARN_OBJC_IMPLICIT_RETAIN_SELF = YES;
				CLANG_WARN_OBJC_LITERAL_CONVERSION = YES;
				CLANG_WARN_OBJC_ROOT_CLASS = YES_ERROR;
				CLANG_WARN_QUOTED_INCLUDE_IN_FRAMEWORK_HEADER = YES;
				CLANG_WARN_RANGE_LOOP_ANALYSIS = YES;
				CLANG_WARN_STRICT_PROTOTYPES = YES;
				CLANG_WARN_SUSPICIOUS_MOVE = YES;
				CLANG_WARN_UNGUARDED_AVAILABILITY = YES_AGGRESSIVE;
				CLANG_WARN_UNREACHABLE_CODE = YES;
				CLANG_WARN__DUPLICATE_METHOD_MATCH = YES;
				COPY_PHASE_STRIP = NO;
				DEBUG_INFORMATION_FORMAT = "dwarf-with-dsym";
				ENABLE_NS_ASSERTIONS = NO;
				ENABLE_STRICT_OBJC_MSGSEND = YES;
				GCC_C_LANGUAGE_STANDARD = gnu11;
				GCC_NO_COMMON_BLOCKS = YES;
				GCC_WARN_64_TO_32_BIT_CONVERSION = YES;
				GCC_WARN_ABOUT_RETURN_TYPE = YES_ERROR;
				GCC_WARN_UNDECLARED_SELECTOR = YES;
				GCC_WARN_UNINITIALIZED_AUTOS = YES_AGGRESSIVE;
				GCC_WARN_UNUSED_FUNCTION = YES;
				GCC_WARN_UNUSED_VARIABLE = YES;
				IPHONEOS_DEPLOYMENT_TARGET = 13.6;
				MTL_ENABLE_DEBUG_INFO = NO;
				MTL_FAST_MATH = YES;
				SDKROOT = iphoneos;
				SWIFT_COMPILATION_MODE = wholemodule;
				SWIFT_OPTIMIZATION_LEVEL = "-O";
				VALIDATE_PRODUCT = YES;
			};
			name = Release;
		};
		5A3F38BA24E9AC0600A59173 /* Debug */ = {
			isa = XCBuildConfiguration;
			baseConfigurationReference = 72C5AEFDC55FE2A23EEFB94A /* Pods-ziti-alamofire.debug.xcconfig */;
			buildSettings = {
				ASSETCATALOG_COMPILER_APPICON_NAME = AppIcon;
				CODE_SIGN_STYLE = Automatic;
				DEVELOPMENT_TEAM = "";
				INFOPLIST_FILE = "ziti-alamofire/Info.plist";
				LD_RUNPATH_SEARCH_PATHS = (
					"$(inherited)",
					"@executable_path/Frameworks",
				);
				PRODUCT_NAME = "$(TARGET_NAME)";
				SWIFT_VERSION = 5.0;
				TARGETED_DEVICE_FAMILY = "1,2";
			};
			name = Debug;
		};
		5A3F38BB24E9AC0600A59173 /* Release */ = {
			isa = XCBuildConfiguration;
			baseConfigurationReference = 6DF05C33749E4BFCE9FE4AF0 /* Pods-ziti-alamofire.release.xcconfig */;
			buildSettings = {
				ASSETCATALOG_COMPILER_APPICON_NAME = AppIcon;
				CODE_SIGN_STYLE = Automatic;
				DEVELOPMENT_TEAM = "";
				INFOPLIST_FILE = "ziti-alamofire/Info.plist";
				LD_RUNPATH_SEARCH_PATHS = (
					"$(inherited)",
					"@executable_path/Frameworks",
				);
				PRODUCT_NAME = "$(TARGET_NAME)";
				SWIFT_VERSION = 5.0;
				TARGETED_DEVICE_FAMILY = "1,2";
			};
			name = Release;
		};
/* End XCBuildConfiguration section */

/* Begin XCConfigurationList section */
		5A3F38A024E9AC0200A59173 /* Build configuration list for PBXProject "ziti-alamofire" */ = {
			isa = XCConfigurationList;
			buildConfigurations = (
				5A3F38B724E9AC0600A59173 /* Debug */,
				5A3F38B824E9AC0600A59173 /* Release */,
			);
			defaultConfigurationIsVisible = 0;
			defaultConfigurationName = Release;
		};
		5A3F38B924E9AC0600A59173 /* Build configuration list for PBXNativeTarget "ziti-alamofire" */ = {
			isa = XCConfigurationList;
			buildConfigurations = (
				5A3F38BA24E9AC0600A59173 /* Debug */,
				5A3F38BB24E9AC0600A59173 /* Release */,
			);
			defaultConfigurationIsVisible = 0;
			defaultConfigurationName = Release;
		};
/* End XCConfigurationList section */
	};
	rootObject = 5A3F389D24E9AC0200A59173 /* Project object */;
}
